langcode: en
status: true
dependencies:
  config:
    - views.view.calendar
  module:
    - system
    - views
  theme:
    - clubtheme
id: views_block__calendar_event_block
theme: clubtheme
region: sidebar_second
weight: -12
provider: null
plugin: 'views_block:calendar-event_block'
settings:
  id: 'views_block:calendar-event_block'
  label: ''
  label_display: visible
  provider: views
  views_label: ''
  items_per_page: none
visibility:
  request_path:
    id: request_path
    negate: false
    pages: '<front>'
